
Microsoft Visual Studio Solution File, Format Version 12.00
# Visual Studio 15
Project("{FAE04EC0-301F-11D3-BF4B-00C04F79EFBC}") = "Assembly-CSharp", "Assembly-CSharp.csproj", "{62C70655-BADC-8328-EAB9-9CE5C7AD6B98}"
EndProject
Project("{FAE04EC0-301F-11D3-BF4B-00C04F79EFBC}") = "Assembly-CSharp-Editor", "Assembly-CSharp-Editor.csproj", "{45D0F195-4240-C279-A4F8-77CD7CD2BA19}"
EndProject
Global
	GlobalSection(SolutionConfigurationPlatforms) = preSolution
		Debug|Any CPU = Debug|Any CPU
		Release|Any CPU = Release|Any CPU
	EndGlobalSection
	GlobalSection(ProjectConfigurationPlatforms) = postSolution
		{62C70655-BADC-8328-EAB9-9CE5C7AD6B98}.Debug|Any CPU.ActiveCfg = Debug|Any CPU
		{62C70655-BADC-8328-EAB9-9CE5C7AD6B98}.Debug|Any CPU.Build.0 = Debug|Any CPU
		{62C70655-BADC-8328-EAB9-9CE5C7AD6B98}.Release|Any CPU.ActiveCfg = Release|Any CPU
		{62C70655-BADC-8328-EAB9-9CE5C7AD6B98}.Release|Any CPU.Build.0 = Release|Any CPU
		{45D0F195-4240-C279-A4F8-77CD7CD2BA19}.Debug|Any CPU.ActiveCfg = Debug|Any CPU
		{45D0F195-4240-C279-A4F8-77CD7CD2BA19}.Debug|Any CPU.Build.0 = Debug|Any CPU
		{45D0F195-4240-C279-A4F8-77CD7CD2BA19}.Release|Any CPU.ActiveCfg = Release|Any CPU
		{45D0F195-4240-C279-A4F8-77CD7CD2BA19}.Release|Any CPU.Build.0 = Release|Any CPU
	EndGlobalSection
	GlobalSection(SolutionProperties) = preSolution
		HideSolutionNode = FALSE
	EndGlobalSection
EndGlobal
